<?xml version="1.0" encoding="utf-8"?>
<Project ToolsVersion="4.0" xmlns="http://schemas.microsoft.com/developer/msbuild/2003">
  <ItemGroup>
    <ClCompile Include="Source\engine\component.cpp" />
    <ClCompile Include="Source\engine\game_elements\gameobject.cpp" />
    <ClCompile Include="Source\engine\lighting\lighting.cpp" />
    <ClCompile Include="Source\engine\inputs\input_system.cpp" />
    <ClCompile Include="Source\engine\graphics\camera.cpp" />
    <ClCompile Include="Source\engine\graphics\graphics.cpp" />
    <ClCompile Include="Source\glad.c" />
    <ClCompile Include="Source\engine\vectors\vector2.cpp" />
    <ClCompile Include="Source\engine\vectors\vector3.cpp" />
    <ClCompile Include="Source\engine\vectors\vector4.cpp" />
    <ClCompile Include="Source\engine\ui\window.cpp" />
    <ClCompile Include="Source\engine\graphics\texture.cpp" />
    <ClCompile Include="Source\engine\game_elements\transform.cpp" />
    <ClCompile Include="Source\engine\engine.cpp" />
    <ClCompile Include="Source\engine\asset_management\asset_manager.cpp" />
    <ClCompile Include="Source\engine\engine_settings.cpp" />
    <ClCompile Include="Source\engine\file_system\mesh_loader\wavefront_loader.cpp" />
    <ClCompile Include="Source\engine\graphics\iDrawable.cpp" />
    <ClCompile Include="Source\engine\graphics\2d_graphics\sprite_manager.cpp" />
    <ClCompile Include="Source\engine\debug\debug.cpp" />
    <ClCompile Include="Source\engine\graphics\ui\text_renderer.cpp" />
    <ClCompile Include="Source\engine\tools\math.cpp" />
    <ClCompile Include="Source\engine\tools\curve.cpp" />
    <ClCompile Include="Source\engine\tools\shape_spawner.cpp" />
    <ClCompile Include="Source\engine\tools\benchmark.cpp" />
    <ClCompile Include="Source\engine\time\time.cpp" />
    <ClCompile Include="Source\engine\debug\performance.cpp" />
    <ClCompile Include="Source\engine\graphics\2d_graphics\tile_map.cpp" />
    <ClCompile Include="Source\engine\tools\profiler_benchmark.cpp" />
    <ClCompile Include="Source\engine\monobehaviour.cpp" />
    <ClCompile Include="Source\engine\pathfinding\dijkstras.cpp" />
    <ClCompile Include="Source\engine\pathfinding\astar.cpp" />
    <ClCompile Include="include\imgui\imgui.cpp" />
    <ClCompile Include="include\imgui\imgui_demo.cpp" />
    <ClCompile Include="include\imgui\imgui_draw.cpp" />
    <ClCompile Include="include\imgui\imgui_impl_glfw.cpp" />
    <ClCompile Include="include\imgui\imgui_impl_opengl3.cpp" />
    <ClCompile Include="include\imgui\imgui_impl_sdl2.cpp" />
    <ClCompile Include="include\imgui\imgui_tables.cpp" />
    <ClCompile Include="include\imgui\imgui_widgets.cpp" />
    <ClCompile Include="Source\engine\vectors\vector2_int.cpp" />
    <ClCompile Include="Source\engine\graphics\renderer\renderer.cpp" />
    <ClCompile Include="Source\engine\graphics\renderer\renderer_opengl.cpp" />
    <ClCompile Include="Source\engine\graphics\color\color.cpp" />
    <ClCompile Include="Source\engine\graphics\ui\text_renderer_canvas.cpp" />
    <ClCompile Include="Source\engine\noise\noise.cpp" />
    <ClCompile Include="Source\engine\graphics\ui\text_manager.cpp" />
    <ClCompile Include="Source\engine\graphics\3d_graphics\mesh_data.cpp" />
    <ClCompile Include="Source\engine\graphics\3d_graphics\mesh_manager.cpp" />
    <ClCompile Include="Source\windows\inputs\inputs.cpp" />
    <ClCompile Include="Source\engine\graphics\3d_graphics\mesh_renderer.cpp" />
    <ClCompile Include="Source\engine\graphics\2d_graphics\sprite_renderer.cpp" />
    <ClCompile Include="Source\engine\file_system\file_system.cpp" />
    <ClCompile Include="Source\engine\audio\audio_clip.cpp" />
    <ClCompile Include="Source\engine\audio\audio_manager.cpp" />
    <ClCompile Include="Source\engine\audio\audio_source.cpp" />
    <ClCompile Include="Source\engine\audio\audio_clip_stream.cpp" />
    <ClCompile Include="Source\engine\network\network.cpp" />
    <ClCompile Include="Source\engine\graphics\2d_graphics\line_renderer.cpp" />
    <ClCompile Include="Source\engine\dynamic_lib\dynamic_lib.cpp" />
    <ClCompile Include="Source\editor\ui\editor_ui.cpp" />
    <ClCompile Include="Source\editor\editor.cpp" />
    <ClCompile Include="Source\engine\class_registry\class_registry.cpp" />
    <ClCompile Include="include\imgui\imgui_stdlib.cpp" />
    <ClCompile Include="Source\engine\reflection\reflection.cpp" />
    <ClCompile Include="Source\engine\test_component.cpp" />
    <ClCompile Include="Source\engine\unique_id\unique_id.cpp" />
    <ClCompile Include="Source\engine\file_system\file_reference.cpp" />
    <ClCompile Include="Source\editor\ui\menus\menu.cpp" />
    <ClCompile Include="Source\editor\ui\menus\profiler_menu.cpp" />
    <ClCompile Include="Source\editor\ui\menus\inspector_menu.cpp" />
    <ClCompile Include="Source\editor\ui\menus\hierarchy_menu.cpp" />
    <ClCompile Include="Source\editor\ui\menus\main_bar_menu.cpp" />
    <ClCompile Include="Source\editor\ui\menus\engine_settings_menu.cpp" />
    <ClCompile Include="Source\editor\ui\menus\file_explorer_menu.cpp" />
    <ClCompile Include="Source\engine\scene_management\scene.cpp" />
    <ClCompile Include="Source\engine\scene_management\scene_manager.cpp" />
    <ClCompile Include="Source\game_test\rotate.cpp" />
    <ClCompile Include="Source\engine\asset_management\project_manager.cpp" />
    <ClCompile Include="Source\editor\ui\menus\game_menu.cpp" />
    <ClCompile Include="Source\editor\ui\menus\project_settings_menu.cpp" />
    <ClCompile Include="Source\engine\reflection\reflection_utils.cpp" />
    <ClCompile Include="Source\editor\ui\menus\compiling_menu.cpp" />
    <ClCompile Include="Source\editor\compiler.cpp" />
    <ClCompile Include="Source\editor\ui\menus\scene_menu.cpp" />
    <ClCompile Include="Source\unit_tests\unit_test_manager.cpp" />
    <ClCompile Include="Source\game_test\free_move.cpp" />
    <ClCompile Include="Source\editor\ui\menus\select_project_menu.cpp" />
    <ClCompile Include="Source\editor\ui\menus\create_project_menu.cpp" />
    <ClCompile Include="Source\engine\asset_management\code_file.cpp" />
    <ClCompile Include="Source\editor\ui\menus\lighting_menu.cpp" />
    <ClCompile Include="Source\engine\graphics\skybox.cpp" />
    <ClCompile Include="Source\psp\video_hardware_dxtn.cpp" />
    <ClCompile Include="Source\engine\graphics\ui\font.cpp" />
    <ClCompile Include="Source\editor\ui\editor_ui_inputs.cpp" />
    <ClCompile Include="Source\editor\ui\editor_ui_drag_drop.cpp" />
    <ClCompile Include="Source\editor\ui\editor_ui_map.cpp" />
    <ClCompile Include="Source\editor\ui\editor_file_dialog.cpp" />
    <ClCompile Include="Source\editor\ui\editor_ui_tree_item.cpp" />
    <ClCompile Include="Source\engine\graphics\2d_graphics\billboard_renderer.cpp" />
    <ClCompile Include="Source\editor\gizmo.cpp" />
    <ClCompile Include="Source\engine\graphics\shader.cpp" />
    <ClCompile Include="Source\engine\graphics\material.cpp" />
    <ClCompile Include="Source\game_test\fps_counter.cpp" />
    <ClCompile Include="Source\engine\physics\physics_manager.cpp" />
    <ClCompile Include="Source\engine\physics\rigidbody.cpp" />
    <ClCompile Include="Source\engine\physics\box_collider.cpp" />
    <ClCompile Include="Source\engine\physics\collider.cpp" />
    <ClCompile Include="Source\editor\ui\menus\create_class_menu.cpp" />
    <ClCompile Include="Source\engine\tools\string_tag_finder.cpp" />
    <ClCompile Include="Source\engine\game_elements\gameplay_manager.cpp" />
    <ClCompile Include="Source\windows\cpu.cpp" />
    <ClCompile Include="Source\engine\graphics\renderer\renderer_gskit.cpp" />
    <ClCompile Include="Source\editor\ui\editor_dialog.cpp" />
    <ClCompile Include="Source\editor\command\command.cpp" />
    <ClCompile Include="Source\editor\command\commands\inspector_commands.cpp" />
    <ClCompile Include="Source\editor\command\command_manager.cpp" />
    <ClCompile Include="Source\engine\file_system\directory.cpp" />
    <ClCompile Include="Source\engine\file_system\file.cpp" />
    <ClCompile Include="Source\engine\file_system\file_psp.cpp" />
    <ClCompile Include="Source\engine\file_system\file_default.cpp" />
    <ClCompile Include="Source\engine\graphics\renderer\renderer_ge.cpp" />
    <ClCompile Include="Source\editor\plugin\plugin.cpp" />
    <ClCompile Include="Source\editor\plugin\plugin_manager.cpp" />
  </ItemGroup>
  <ItemGroup>
    <ClInclude Include="Source\engine\component.h" />
    <ClInclude Include="Source\engine\game_elements\gameobject.h" />
    <ClInclude Include="Source\engine\lighting\lighting.h" />
    <ClInclude Include="Source\engine\engine.h" />
    <ClInclude Include="Source\engine\inputs\input_system.h" />
    <ClInclude Include="Source\engine\graphics\camera.h" />
    <ClInclude Include="Source\engine\graphics\graphics.h" />
    <ClInclude Include="Source\engine\vectors\vector2.h" />
    <ClInclude Include="Source\engine\vectors\vector3.h" />
    <ClInclude Include="Source\engine\vectors\vector4.h" />
    <ClInclude Include="Source\engine\ui\window.h" />
    <ClInclude Include="Source\engine\graphics\texture.h" />
    <ClInclude Include="Source\engine\game_elements\transform.h" />
    <ClInclude Include="Source\engine\asset_management\asset_manager.h" />
    <ClInclude Include="Source\engine\engine_settings.h" />
    <ClInclude Include="Source\engine\file_system\mesh_loader\wavefront_loader.h" />
    <ClInclude Include="Source\engine\graphics\iDrawable.h" />
    <ClInclude Include="Source\engine\graphics\2d_graphics\sprite_manager.h" />
    <ClInclude Include="Source\engine\debug\debug.h" />
    <ClInclude Include="Source\engine\graphics\ui\text_renderer.h" />
    <ClInclude Include="Source\engine\tools\math.h" />
    <ClInclude Include="Source\engine\tools\curve.h" />
    <ClInclude Include="Source\engine\tools\shape_spawner.h" />
    <ClInclude Include="Source\engine\tools\benchmark.h" />
    <ClInclude Include="Source\engine\time\time.h" />
    <ClInclude Include="Source\engine\debug\performance.h" />
    <ClInclude Include="Source\xenity.h" />
    <ClInclude Include="Source\engine\graphics\ui\TextAlignments.h" />
    <ClInclude Include="Source\engine\graphics\2d_graphics\tile_map.h" />
    <ClInclude Include="Source\engine\tools\profiler_benchmark.h" />
    <ClInclude Include="Source\engine\graphics\camera_projection_types.h" />
    <ClInclude Include="Source\engine\monobehaviour.h" />
    <ClInclude Include="Source\engine\pathfinding\dijkstras.h" />
    <ClInclude Include="Source\engine\pathfinding\astar.h" />
    <ClInclude Include="Source\engine\graphics\iDrawableTypes.h" />
    <ClInclude Include="include\imgui\imconfig.h" />
    <ClInclude Include="include\imgui\imgui.h" />
    <ClInclude Include="include\imgui\imgui_impl_glfw.h" />
    <ClInclude Include="include\imgui\imgui_impl_opengl3.h" />
    <ClInclude Include="include\imgui\imgui_impl_opengl3_loader.h" />
    <ClInclude Include="include\imgui\imgui_impl_sdl2.h" />
    <ClInclude Include="include\imgui\imgui_internal.h" />
    <ClInclude Include="include\imgui\imstb_rectpack.h" />
    <ClInclude Include="include\imgui\imstb_textedit.h" />
    <ClInclude Include="include\imgui\imstb_truetype.h" />
    <ClInclude Include="Source\xenity_editor.h" />
    <ClInclude Include="Source\engine\vectors\vector2_int.h" />
    <ClInclude Include="Source\engine\graphics\renderer\renderer.h" />
    <ClInclude Include="Source\engine\graphics\renderer\renderer_opengl.h" />
    <ClInclude Include="Source\engine\graphics\color\color.h" />
    <ClInclude Include="Source\engine\graphics\ui\text_renderer_canvas.h" />
    <ClInclude Include="Source\engine\noise\noise.h" />
    <ClInclude Include="Source\engine\graphics\ui\text_manager.h" />
    <ClInclude Include="Source\engine\graphics\3d_graphics\mesh_data.h" />
    <ClInclude Include="Source\engine\graphics\3d_graphics\mesh_manager.h" />
    <ClInclude Include="Source\windows\inputs\inputs.h" />
    <ClInclude Include="Source\engine\inputs\input_pad.h" />
    <ClInclude Include="Source\engine\inputs\input_touch_raw.h" />
    <ClInclude Include="Source\engine\graphics\3d_graphics\mesh_renderer.h" />
    <ClInclude Include="Source\engine\graphics\2d_graphics\sprite_renderer.h" />
    <ClInclude Include="Source\engine\file_system\file_system.h" />
    <ClInclude Include="Source\engine\audio\audio_clip.h" />
    <ClInclude Include="Source\engine\audio\audio_manager.h" />
    <ClInclude Include="Source\engine\audio\audio_source.h" />
    <ClInclude Include="Source\engine\audio\audio_clip_stream.h" />
    <ClInclude Include="Source\engine\network\network.h" />
    <ClInclude Include="Source\engine\graphics\2d_graphics\line_renderer.h" />
    <ClInclude Include="Source\engine\dynamic_lib\dynamic_lib.h" />
    <ClInclude Include="Source\engine\game_interface.h" />
    <ClInclude Include="Source\editor\ui\editor_ui.h" />
    <ClInclude Include="Source\editor\editor.h" />
    <ClInclude Include="include\json.hpp" />
    <ClInclude Include="Source\engine\class_registry\class_registry.h" />
    <ClInclude Include="include\imgui\imgui_stdlib.h" />
    <ClInclude Include="Source\engine\reflection\reflection.h" />
    <ClInclude Include="Source\engine\test_component.h" />
    <ClInclude Include="Source\engine\unique_id\unique_id.h" />
    <ClInclude Include="Source\engine\file_system\file_reference.h" />
    <ClInclude Include="Source\editor\ui\menus\menu.h" />
    <ClInclude Include="Source\editor\ui\menus\profiler_menu.h" />
    <ClInclude Include="Source\editor\ui\menus\inspector_menu.h" />
    <ClInclude Include="Source\editor\ui\menus\hierarchy_menu.h" />
    <ClInclude Include="Source\editor\ui\menus\main_bar_menu.h" />
    <ClInclude Include="Source\editor\ui\menus\engine_settings_menu.h" />
    <ClInclude Include="Source\editor\ui\menus\file_explorer_menu.h" />
    <ClInclude Include="Source\engine\scene_management\scene.h" />
    <ClInclude Include="Source\engine\scene_management\scene_manager.h" />
    <ClInclude Include="Source\game_test\rotate.h" />
    <ClInclude Include="Source\engine\asset_management\project_manager.h" />
    <ClInclude Include="Source\editor\ui\menus\game_menu.h" />
    <ClInclude Include="Source\editor\ui\menus\project_settings_menu.h" />
    <ClInclude Include="Source\engine\reflection\reflection_utils.h" />
    <ClInclude Include="Source\engine\platform.h" />
    <ClInclude Include="Source\editor\ui\menus\compiling_menu.h" />
    <ClInclude Include="Source\editor\compiler.h" />
    <ClInclude Include="Source\editor\ui\menus\scene_menu.h" />
    <ClInclude Include="Source\editor\tool_mode.h" />
    <ClInclude Include="Source\unit_tests\unit_test_manager.h" />
    <ClInclude Include="Source\game_test\free_move.h" />
    <ClInclude Include="Source\editor\ui\menus\select_project_menu.h" />
    <ClInclude Include="Source\editor\ui\menus\create_project_menu.h" />
    <ClInclude Include="Source\engine\asset_management\code_file.h" />
    <ClInclude Include="Source\editor\ui\menus\lighting_menu.h" />
    <ClInclude Include="Source\engine\graphics\skybox.h" />
    <ClInclude Include="Source\psp\video_hardware_dxtn.h" />
    <ClInclude Include="Source\engine\graphics\ui\font.h" />
    <ClInclude Include="Source\engine\graphics\2d_graphics\billboard_renderer.h" />
    <ClInclude Include="Source\editor\gizmo.h" />
    <ClInclude Include="Source\engine\graphics\shader.h" />
    <ClInclude Include="Source\engine\graphics\material.h" />
    <ClInclude Include="Source\game_test\fps_counter.h" />
    <ClInclude Include="Source\engine\physics\physics_manager.h" />
    <ClInclude Include="Source\engine\physics\rigidbody.h" />
    <ClInclude Include="Source\engine\physics\box_collider.h" />
    <ClInclude Include="Source\engine\physics\collider.h" />
    <ClInclude Include="Source\engine\file_system\file_type.h" />
    <ClInclude Include="Source\editor\ui\menus\create_class_menu.h" />
    <ClInclude Include="Source\engine\tools\string_tag_finder.h" />
    <ClInclude Include="Source\engine\game_elements\gameplay_manager.h" />
    <ClInclude Include="Source\engine\cpu.h" />
    <ClInclude Include="Source\engine\graphics\renderer\renderer_gskit.h" />
    <ClInclude Include="Source\editor\command\command.h" />
    <ClInclude Include="Source\editor\command\commands\inspector_commands.h" />
    <ClInclude Include="Source\editor\command\command_manager.h" />
    <ClInclude Include="Source\engine\file_system\directory.h" />
    <ClInclude Include="Source\engine\file_system\file.h" />
    <ClInclude Include="Source\engine\file_system\file_psp.h" />
    <ClInclude Include="Source\engine\file_system\file_default.h" />
    <ClInclude Include="Source\engine\graphics\renderer\renderer_ge.h" />
    <ClInclude Include="Source\editor\plugin\plugin.h" />
    <ClInclude Include="Source\editor\plugin\plugin_manager.h" />
    <ClInclude Include="Source\editor\plugin\api.h" />
  </ItemGroup>
  <ItemGroup>
    <Image Include="Source\images\1.bmp" />
  </ItemGroup>
  <ItemGroup>
    <Font Include="Source\fonts\arial.ttf" />
  </ItemGroup>
  <ItemGroup>
    <None Include="Source\shaders\fragment2.shader" />
    <None Include="Source\shaders\fragment.shader" />
    <None Include="Source\shaders\fragmentStandard.shader" />
    <None Include="Source\shaders\fragmentText.shader" />
    <None Include="Source\shaders\vertex.shader" />
    <None Include="Source\shaders\vertex2.shader" />
    <None Include="Source\shaders\vertexStandard.shader" />
    <None Include="Source\shaders\vertexText.shader" />
    <None Include="Source\shaders\fragment2D.shader" />
    <None Include="Source\shaders\vertex2D.shader" />
    <None Include="Source\shaders\fragmentStandard2D.shader" />
    <None Include="Source\shaders\vertexStandard2D.shader" />
    <None Include="Source\shaders\3D\fStandard.shader" />
    <None Include="Source\shaders\3D\fStandardNoLight.shader" />
    <None Include="Source\shaders\3D\vStandard.shader" />
    <None Include="Source\shaders\3D\vStandardNoLight.shader" />
    <None Include="Source\shaders\3D\Unlit\fColor.shader" />
    <None Include="Source\shaders\3D\Unlit\fTexture.shader" />
    <None Include="Source\shaders\3D\Unlit\vColor.shader" />
    <None Include="Source\shaders\3D\Unlit\vTexture.shader" />
    <None Include="Source\shaders\2D\fSprite.shader" />
    <None Include="Source\shaders\2D\vSprite.shader" />
    <None Include="Source\shaders\UI\fUi.shader" />
    <None Include="Source\shaders\UI\vUi.shader" />
    <None Include="Source\shaders\fragmentStandard2DText.shader" />
    <None Include="Source\shaders\vertexStandard2DText.shader" />
    <None Include="Source\shaders\fragmentStandard2DZ.shader" />
    <None Include="Source\shaders\vertexStandard2DZ.shader" />
    <None Include="Source\shaders\tessellation.shader" />
    <None Include="Source\shaders\tessellation_evaluation.shader" />
  </ItemGroup>
</Project>